{
  "nodes": {
    "flake-utils": {
      "locked": {
        "lastModified": 1652776076,
        "narHash": "sha256-gzTw/v1vj4dOVbpBSJX4J0DwUR6LIyXo7/SuuTJp1kM=",
        "owner": "numtide",
        "repo": "flake-utils",
        "rev": "04c1b180862888302ddfb2e3ad9eaa63afc60cf8",
        "type": "github"
      },
      "original": {
        "owner": "numtide",
        "ref": "v1.0.0",
        "repo": "flake-utils",
        "type": "github"
      }
    },
    "flake-utils_2": {
      "locked": {
        "lastModified": 1652776076,
        "narHash": "sha256-gzTw/v1vj4dOVbpBSJX4J0DwUR6LIyXo7/SuuTJp1kM=",
        "owner": "numtide",
        "repo": "flake-utils",
        "rev": "04c1b180862888302ddfb2e3ad9eaa63afc60cf8",
        "type": "github"
      },
      "original": {
        "owner": "numtide",
        "ref": "v1.0.0",
        "repo": "flake-utils",
        "type": "github"
      }
    },
    "nixpkgs": {
      "locked": {
        "lastModified": 1745163487,
        "narHash": "sha256-spMVZVcqxcR2GaEoEx+ypoKzWgwTAR/+Hk7J7FJo68s=",
        "owner": "NixOS",
        "repo": "nixpkgs",
        "rev": "bcd63d97f901f23b9081f4ab5286b4a967d42038",
        "type": "github"
      },
      "original": {
        "owner": "NixOS",
        "ref": "release-24.11",
        "repo": "nixpkgs",
        "type": "github"
      }
    },
    "root": {
      "inputs": {
        "flake-utils": "flake-utils",
        "nixpkgs": "nixpkgs",
        "rydnr-nix-flakes-pharo-vm": "rydnr-nix-flakes-pharo-vm",
        "rydnr-pharo-eda-common": "rydnr-pharo-eda-common",
        "rydnr-pharo-eda-core": "rydnr-pharo-eda-core"
      }
    },
    "rydnr-babymock2": {
      "inputs": {
        "flake-utils": [
          "rydnr-pharo-eda-core",
          "flake-utils"
        ],
        "nixpkgs": [
          "rydnr-pharo-eda-core",
          "nixpkgs"
        ],
        "rydnr-nix-flakes-pharo-vm": [
          "rydnr-pharo-eda-core",
          "rydnr-nix-flakes-pharo-vm"
        ]
      },
      "locked": {
        "lastModified": 1745166090,
        "narHash": "sha256-0lLUNO9Ps4uy65sfUKlslLx6CmN+WxEoNM7GO50MoiU=",
        "owner": "rydnr",
        "repo": "babymock2",
        "rev": "a8b83936c8df27953770ca8e91538615ce1d7ed2",
        "type": "github"
      },
      "original": {
        "owner": "rydnr",
        "ref": "0.1.3",
        "repo": "babymock2",
        "type": "github"
      }
    },
    "rydnr-nix-flakes-pharo-vm": {
      "inputs": {
        "flake-utils": "flake-utils_2",
        "nixpkgs": [
          "nixpkgs"
        ]
      },
      "locked": {
        "dir": "pharo-vm",
        "lastModified": 1745082791,
        "narHash": "sha256-Ik2AW/vJfuc8+KQwcLQfO1Heimhvc2JOzKsIki2omuQ=",
        "owner": "rydnr",
        "repo": "nix-flakes",
        "rev": "9428ffc0c2241a7b9b8129ba3d369d7e2ef0ec6d",
        "type": "github"
      },
      "original": {
        "dir": "pharo-vm",
        "owner": "rydnr",
        "ref": "pharo-vm-12.0.1519.4",
        "repo": "nix-flakes",
        "type": "github"
      }
    },
    "rydnr-object-diff": {
      "inputs": {
        "flake-utils": [
          "rydnr-pharo-eda-core",
          "flake-utils"
        ],
        "nixpkgs": [
          "rydnr-pharo-eda-core",
          "nixpkgs"
        ],
        "rydnr-nix-flakes-pharo-vm": [
          "rydnr-pharo-eda-core",
          "rydnr-nix-flakes-pharo-vm"
        ]
      },
      "locked": {
        "lastModified": 1745166670,
        "narHash": "sha256-DwuAFVgvePp8B1Cynrpqp1MHA+2OpOZbAzzqjKAHN8Y=",
        "owner": "rydnr",
        "repo": "object-diff",
        "rev": "72957d02bcb042e0c2b22ffc6f028f08554f89b7",
        "type": "github"
      },
      "original": {
        "owner": "rydnr",
        "ref": "0.1.3",
        "repo": "object-diff",
        "type": "github"
      }
    },
    "rydnr-pharo-eda-api": {
      "inputs": {
        "flake-utils": [
          "rydnr-pharo-eda-core",
          "flake-utils"
        ],
        "nixpkgs": [
          "rydnr-pharo-eda-core",
          "nixpkgs"
        ],
        "rydnr-nix-flakes-pharo-vm": [
          "rydnr-pharo-eda-core",
          "rydnr-nix-flakes-pharo-vm"
        ],
        "rydnr-pharo-eda-common": [
          "rydnr-pharo-eda-core",
          "rydnr-pharo-eda-common"
        ]
      },
      "locked": {
        "lastModified": 1745142097,
        "narHash": "sha256-vZOEioDX7OIKee8l2GThZu+oWMKsqVSrkK9CArkHQpc=",
        "owner": "rydnr",
        "repo": "pharo-eda-api",
        "rev": "ebc5d2bbb29106130eb021284c4e6e5f8a572c05",
        "type": "github"
      },
      "original": {
        "owner": "rydnr",
        "ref": "0.1.1",
        "repo": "pharo-eda-api",
        "type": "github"
      }
    },
    "rydnr-pharo-eda-api_2": {
      "inputs": {
        "flake-utils": [
          "rydnr-pharo-eda-core",
          "rydnr-pharo-eda-ports",
          "flake-utils"
        ],
        "nixpkgs": [
          "rydnr-pharo-eda-core",
          "rydnr-pharo-eda-ports",
          "nixpkgs"
        ],
        "rydnr-nix-flakes-pharo-vm": [
          "rydnr-pharo-eda-core",
          "rydnr-pharo-eda-ports",
          "rydnr-nix-flakes-pharo-vm"
        ],
        "rydnr-pharo-eda-common": [
          "rydnr-pharo-eda-core",
          "rydnr-pharo-eda-ports",
          "rydnr-pharo-eda-common"
        ]
      },
      "locked": {
        "lastModified": 1745142097,
        "narHash": "sha256-vZOEioDX7OIKee8l2GThZu+oWMKsqVSrkK9CArkHQpc=",
        "owner": "rydnr",
        "repo": "pharo-eda-api",
        "rev": "ebc5d2bbb29106130eb021284c4e6e5f8a572c05",
        "type": "github"
      },
      "original": {
        "owner": "rydnr",
        "ref": "0.1.1",
        "repo": "pharo-eda-api",
        "type": "github"
      }
    },
    "rydnr-pharo-eda-common": {
      "inputs": {
        "flake-utils": [
          "flake-utils"
        ],
        "nixpkgs": [
          "nixpkgs"
        ],
        "rydnr-nix-flakes-pharo-vm": [
          "rydnr-nix-flakes-pharo-vm"
        ]
      },
      "locked": {
        "lastModified": 1745141924,
        "narHash": "sha256-1ON4+/sFWsy2pPWwJ1htPTeRWzAbEV35bikWFBVgvXs=",
        "owner": "rydnr",
        "repo": "pharo-eda-common",
        "rev": "5336c91d1c394eadecbca2b6fe67a312b44d1ad9",
        "type": "github"
      },
      "original": {
        "owner": "rydnr",
        "ref": "0.1.2",
        "repo": "pharo-eda-common",
        "type": "github"
      }
    },
    "rydnr-pharo-eda-core": {
      "inputs": {
        "flake-utils": [
          "flake-utils"
        ],
        "nixpkgs": [
          "nixpkgs"
        ],
        "rydnr-babymock2": "rydnr-babymock2",
        "rydnr-nix-flakes-pharo-vm": [
          "rydnr-nix-flakes-pharo-vm"
        ],
        "rydnr-object-diff": "rydnr-object-diff",
        "rydnr-pharo-eda-api": "rydnr-pharo-eda-api",
        "rydnr-pharo-eda-common": [
          "rydnr-pharo-eda-common"
        ],
        "rydnr-pharo-eda-ports": "rydnr-pharo-eda-ports"
      },
      "locked": {
        "lastModified": 1745171929,
        "narHash": "sha256-Iq/WtTiHc8w89IScZMaD7qTsoczJo8t+UfK1ZGqupqI=",
        "owner": "rydnr",
        "repo": "pharo-eda-core",
        "rev": "aa5c726b37b923cfa38b0c0f298857351e895c4c",
        "type": "github"
      },
      "original": {
        "owner": "rydnr",
        "ref": "0.1.0",
        "repo": "pharo-eda-core",
        "type": "github"
      }
    },
    "rydnr-pharo-eda-errors": {
      "inputs": {
        "flake-utils": [
          "rydnr-pharo-eda-core",
          "rydnr-pharo-eda-ports",
          "flake-utils"
        ],
        "nixpkgs": [
          "rydnr-pharo-eda-core",
          "rydnr-pharo-eda-ports",
          "nixpkgs"
        ],
        "rydnr-nix-flakes-pharo-vm": [
          "rydnr-pharo-eda-core",
          "rydnr-pharo-eda-ports",
          "rydnr-nix-flakes-pharo-vm"
        ],
        "rydnr-pharo-eda-common": [
          "rydnr-pharo-eda-core",
          "rydnr-pharo-eda-ports",
          "rydnr-pharo-eda-common"
        ]
      },
      "locked": {
        "lastModified": 1745142261,
        "narHash": "sha256-DToEkWSsNdbVJjCvugzwS7HoE77mLF9CPOVCNqNYp3Q=",
        "owner": "rydnr",
        "repo": "pharo-eda-errors",
        "rev": "9702829d30ef1d0d66149e8280e49674b046206b",
        "type": "github"
      },
      "original": {
        "owner": "rydnr",
        "ref": "0.1.1",
        "repo": "pharo-eda-errors",
        "type": "github"
      }
    },
    "rydnr-pharo-eda-ports": {
      "inputs": {
        "flake-utils": [
          "rydnr-pharo-eda-core",
          "flake-utils"
        ],
        "nixpkgs": [
          "rydnr-pharo-eda-core",
          "nixpkgs"
        ],
        "rydnr-nix-flakes-pharo-vm": [
          "rydnr-pharo-eda-core",
          "rydnr-nix-flakes-pharo-vm"
        ],
        "rydnr-pharo-eda-api": "rydnr-pharo-eda-api_2",
        "rydnr-pharo-eda-common": [
          "rydnr-pharo-eda-core",
          "rydnr-pharo-eda-common"
        ],
        "rydnr-pharo-eda-errors": "rydnr-pharo-eda-errors"
      },
      "locked": {
        "lastModified": 1745142461,
        "narHash": "sha256-e9OcofzcIlg5L0vDyf+s2wOadevpQq0tTrGTdbKHenM=",
        "owner": "rydnr",
        "repo": "pharo-eda-ports",
        "rev": "be8e84bade0a294d16c79335cb6c054f59886d52",
        "type": "github"
      },
      "original": {
        "owner": "rydnr",
        "ref": "0.1.1",
        "repo": "pharo-eda-ports",
        "type": "github"
      }
    }
  },
  "root": "root",
  "version": 7
}
